
Microsoft Visual Studio Solution File, Format Version 12.00
# Visual Studio 15
Project("{FAE04EC0-301F-11D3-BF4B-00C04F79EFBC}") = "CollectionViewBounceSample.iOS", "CollectionViewBounceSample.iOS\CollectionViewBounceSample.iOS.csproj", "{9410FB7C-4AB4-45E1-A5BD-D3DA4FDCE2EE}"
EndProject
Project("{FAE04EC0-301F-11D3-BF4B-00C04F79EFBC}") = "CollectionViewBounceSample", "CollectionViewBounceSample\CollectionViewBounceSample.csproj", "{9F8F5764-D0B7-4403-BEDD-56A28249D820}"
EndProject
Global
	GlobalSection(SolutionConfigurationPlatforms) = preSolution
		Debug|iPhoneSimulator = Debug|iPhoneSimulator
		Release|iPhoneSimulator = Release|iPhoneSimulator
		Debug|iPhone = Debug|iPhone
		Release|iPhone = Release|iPhone
		Debug|Any CPU = Debug|Any CPU
		Release|Any CPU = Release|Any CPU
	EndGlobalSection
	GlobalSection(ProjectConfigurationPlatforms) = postSolution
		{9410FB7C-4AB4-45E1-A5BD-D3DA4FDCE2EE}.Debug|iPhoneSimulator.ActiveCfg = Debug|iPhoneSimulator
		{9410FB7C-4AB4-45E1-A5BD-D3DA4FDCE2EE}.Debug|iPhoneSimulator.Build.0 = Debug|iPhoneSimulator
		{9410FB7C-4AB4-45E1-A5BD-D3DA4FDCE2EE}.Release|iPhoneSimulator.ActiveCfg = Release|iPhoneSimulator
		{9410FB7C-4AB4-45E1-A5BD-D3DA4FDCE2EE}.Release|iPhoneSimulator.Build.0 = Release|iPhoneSimulator
		{9410FB7C-4AB4-45E1-A5BD-D3DA4FDCE2EE}.Debug|iPhone.ActiveCfg = Debug|iPhone
		{9410FB7C-4AB4-45E1-A5BD-D3DA4FDCE2EE}.Debug|iPhone.Build.0 = Debug|iPhone
		{9410FB7C-4AB4-45E1-A5BD-D3DA4FDCE2EE}.Release|iPhone.ActiveCfg = Release|iPhone
		{9410FB7C-4AB4-45E1-A5BD-D3DA4FDCE2EE}.Release|iPhone.Build.0 = Release|iPhone
		{9410FB7C-4AB4-45E1-A5BD-D3DA4FDCE2EE}.Debug|Any CPU.ActiveCfg = Debug|iPhoneSimulator
		{9410FB7C-4AB4-45E1-A5BD-D3DA4FDCE2EE}.Debug|Any CPU.Build.0 = Debug|iPhoneSimulator
		{9410FB7C-4AB4-45E1-A5BD-D3DA4FDCE2EE}.Release|Any CPU.ActiveCfg = Release|iPhoneSimulator
		{9410FB7C-4AB4-45E1-A5BD-D3DA4FDCE2EE}.Release|Any CPU.Build.0 = Release|iPhoneSimulator
		{9F8F5764-D0B7-4403-BEDD-56A28249D820}.Debug|iPhoneSimulator.ActiveCfg = Debug|Any CPU
		{9F8F5764-D0B7-4403-BEDD-56A28249D820}.Debug|iPhoneSimulator.Build.0 = Debug|Any CPU
		{9F8F5764-D0B7-4403-BEDD-56A28249D820}.Release|iPhoneSimulator.ActiveCfg = Release|Any CPU
		{9F8F5764-D0B7-4403-BEDD-56A28249D820}.Release|iPhoneSimulator.Build.0 = Release|Any CPU
		{9F8F5764-D0B7-4403-BEDD-56A28249D820}.Debug|iPhone.ActiveCfg = Debug|Any CPU
		{9F8F5764-D0B7-4403-BEDD-56A28249D820}.Debug|iPhone.Build.0 = Debug|Any CPU
		{9F8F5764-D0B7-4403-BEDD-56A28249D820}.Release|iPhone.ActiveCfg = Release|Any CPU
		{9F8F5764-D0B7-4403-BEDD-56A28249D820}.Release|iPhone.Build.0 = Release|Any CPU
		{9F8F5764-D0B7-4403-BEDD-56A28249D820}.Debug|Any CPU.ActiveCfg = Debug|Any CPU
		{9F8F5764-D0B7-4403-BEDD-56A28249D820}.Debug|Any CPU.Build.0 = Debug|Any CPU
		{9F8F5764-D0B7-4403-BEDD-56A28249D820}.Release|Any CPU.ActiveCfg = Release|Any CPU
		{9F8F5764-D0B7-4403-BEDD-56A28249D820}.Release|Any CPU.Build.0 = Release|Any CPU
	EndGlobalSection
EndGlobal
